
Microsoft Visual Studio Solution File, Format Version 12.00
# Visual Studio 15
VisualStudioVersion = 15.0.28307.489
MinimumVisualStudioVersion = 10.0.40219.1
Project("{FAE04EC0-301F-11D3-BF4B-00C04F79EFBC}") = "GigHub", "GigHub\GigHub.csproj", "{6073FC64-9033-4D51-B1DC-4D96643A804B}"
EndProject
Global
	GlobalSection(SolutionConfigurationPlatforms) = preSolution
		Debug|Any CPU = Debug|Any CPU
		Release|Any CPU = Release|Any CPU
	EndGlobalSection
	GlobalSection(ProjectConfigurationPlatforms) = postSolution
		{6073FC64-9033-4D51-B1DC-4D96643A804B}.Debug|Any CPU.ActiveCfg = Debug|Any CPU
		{6073FC64-9033-4D51-B1DC-4D96643A804B}.Debug|Any CPU.Build.0 = Debug|Any CPU
		{6073FC64-9033-4D51-B1DC-4D96643A804B}.Release|Any CPU.ActiveCfg = Release|Any CPU
		{6073FC64-9033-4D51-B1DC-4D96643A804B}.Release|Any CPU.Build.0 = Release|Any CPU
	EndGlobalSection
	GlobalSection(SolutionProperties) = preSolution
		HideSolutionNode = FALSE
	EndGlobalSection
	GlobalSection(ExtensibilityGlobals) = postSolution
		SolutionGuid = {177B3D12-7EB4-4D17-B6DB-BF5CF93048F9}
	EndGlobalSection
EndGlobal
